// !$*UTF8*$!
{
	archiveVersion = 1;
	classes = {
	};
	objectVersion = 46;
	objects = {

/* Begin PBXBuildFile section */
		050A109D9BF06E25719FF65B /* include_juce_audio_devices.mm in Sources */ = {isa = PBXBuildFile; fileRef = E056CF71BBCD10A4A4000A4D /* include_juce_audio_devices.mm */; };
		05F54A46B8DCDFA3634D62FE /* CoreMIDI.framework in Frameworks */ = {isa = PBXBuildFile; fileRef = 07E6494C6444E87536E0CC62 /* CoreMIDI.framework */; };
		09EB6D0D2A4EAA161AA4A48E /* Carbon.framework in Frameworks */ = {isa = PBXBuildFile; fileRef = 10DA2A22A557F242F9FA9361 /* Carbon.framework */; };
		10573FB1EA8D165D7E9429D7 /* SpectralExtractor.cpp in Sources */ = {isa = PBXBuildFile; fileRef = 4A1B62679165A3B4868C2C7E /* SpectralExtractor.cpp */; };
		109B738A028B3163C7A7B01B /* DacControl.cpp in Sources */ = {isa = PBXBuildFile; fileRef = C401723C07BC07130A3CE133 /* DacControl.cpp */; };
		14CF5E56F028CCCD7938F486 /* include_juce_dsp.mm in Sources */ = {isa = PBXBuildFile; fileRef = 782423772276EEAC94AD8A43 /* include_juce_dsp.mm */; };
		1C14FEDF54641E847648CFA6 /* AudioLiveScrollingDisplay.h in Resources */ = {isa = PBXBuildFile; fileRef = 2EB24B4D8ECC4EA094768ABD /* AudioLiveScrollingDisplay.h */; };
		1DB2C359458FADBC18187B02 /* GUI.cpp in Sources */ = {isa = PBXBuildFile; fileRef = 86BBFAD8A5D7848A3B9AB512 /* GUI.cpp */; };
		1F9EDEBD0AC18F70A39DCDF6 /* include_juce_core.mm in Sources */ = {isa = PBXBuildFile; fileRef = EDB2621132905E6151D3F37E /* include_juce_core.mm */; };
		20E0EA78FBB2A3969307BA79 /* include_juce_video.mm in Sources */ = {isa = PBXBuildFile; fileRef = EDC7077BBD58016D8A305FB8 /* include_juce_video.mm */; };
		241B3AEB88B86AEC08BD1158 /* include_juce_audio_basics.mm in Sources */ = {isa = PBXBuildFile; fileRef = E8AAFA16D63A317F91407FB2 /* include_juce_audio_basics.mm */; };
		274AC3AE2D955C06AAB0BE22 /* AmplitudeConfigTab.h in Resources */ = {isa = PBXBuildFile; fileRef = A946C7E58C40320464D31937 /* AmplitudeConfigTab.h */; };
		2859C0234F043BDD24B2FEF6 /* AmplitudeExtractor.h in Resources */ = {isa = PBXBuildFile; fileRef = AE93CDBCCCF7997D10F44F44 /* AmplitudeExtractor.h */; };
		2B1714077E417241354A761D /* CoreMedia.framework in Frameworks */ = {isa = PBXBuildFile; fileRef = 1E604B646554E3B3CF9CAA60 /* CoreMedia.framework */; };
		2E03EFE46925C2DBB6720005 /* MainUITabs.cpp in Sources */ = {isa = PBXBuildFile; fileRef = 559DA4019D457BB877EB5E93 /* MainUITabs.cpp */; };
		305357E03010282BF97A4B8B /* include_juce_data_structures.mm in Sources */ = {isa = PBXBuildFile; fileRef = E9D232F5C98CA9CA054E6C5B /* include_juce_data_structures.mm */; };
		347F3C5CDF1B97273B99024F /* include_juce_cryptography.mm in Sources */ = {isa = PBXBuildFile; fileRef = 7E9BC6577481B7B815138D51 /* include_juce_cryptography.mm */; };
		44E7EEBB1FC2D693006F3CC3 /* SpectralConfigTab.cpp in Sources */ = {isa = PBXBuildFile; fileRef = 44E7EEBA1FC2D693006F3CC3 /* SpectralConfigTab.cpp */; };
		44E7EEC31FC32A3D006F3CC3 /* ConvertAmpEnvToSig.cpp in Sources */ = {isa = PBXBuildFile; fileRef = 44E7EEC21FC32A3D006F3CC3 /* ConvertAmpEnvToSig.cpp */; };
		44E7EEC51FC32A92006F3CC3 /* ConvertSpecEnvToSig.cpp in Sources */ = {isa = PBXBuildFile; fileRef = 44E7EEC41FC32A92006F3CC3 /* ConvertSpecEnvToSig.cpp */; };
		47F41C577E4D58DCE62B82A2 /* SpectralExtractor.h in Resources */ = {isa = PBXBuildFile; fileRef = 1CC008E206A3EA43063D858F /* SpectralExtractor.h */; };
		50FC6F5B42F4BD5FD9B98D03 /* include_juce_audio_processors.mm in Sources */ = {isa = PBXBuildFile; fileRef = 105163192234D54FA14A3CB2 /* include_juce_audio_processors.mm */; };
		54036893C6866B27ADE6C59E /* AVFoundation.framework in Frameworks */ = {isa = PBXBuildFile; fileRef = 2939C46AFB5B8C8B56904F59 /* AVFoundation.framework */; };
		5D65FBF0C0DB8BD3E68502AC /* MainUITabs.h in Resources */ = {isa = PBXBuildFile; fileRef = F146FAAC9E8DA5F1F63875C7 /* MainUITabs.h */; };
		5E54644F78AB57A6179C1231 /* DiscRecording.framework in Frameworks */ = {isa = PBXBuildFile; fileRef = DFB35916D195B6EF16D60337 /* DiscRecording.framework */; };
		62C066CA632A75C6DE164B29 /* TrainingTab.cpp in Sources */ = {isa = PBXBuildFile; fileRef = 615B8B9BF6A84535E9EB3B5F /* TrainingTab.cpp */; };
		67656CC4A547833227775168 /* IOKit.framework in Frameworks */ = {isa = PBXBuildFile; fileRef = 6C6D5579DBC65EF13A47F459 /* IOKit.framework */; };
		6BBC072143ED423832D17759 /* AVKit.framework in Frameworks */ = {isa = PBXBuildFile; fileRef = 85690D1207812266C0D4AF0B /* AVKit.framework */; };
		6DDAEB49CDC1A9789EAB5214 /* DacControl.h in Resources */ = {isa = PBXBuildFile; fileRef = 3D188F4E8D62B625FADD4689 /* DacControl.h */; };
		7B6E955BDE5CDC67A1A388B9 /* MainComponent.cpp in Sources */ = {isa = PBXBuildFile; fileRef = 274799345334FA3CD73FBAAB /* MainComponent.cpp */; };
		7E6F1210B28B13E7033A7ABC /* include_juce_audio_formats.mm in Sources */ = {isa = PBXBuildFile; fileRef = E3CE61C12C93EC4E5B8F6FE8 /* include_juce_audio_formats.mm */; };
		86EC3C707F8AB901672FFCF8 /* Cocoa.framework in Frameworks */ = {isa = PBXBuildFile; fileRef = 200A0C5CAD61A44C88DB37C7 /* Cocoa.framework */; };
		93332648396B101A7FFD8D2D /* AudioToolbox.framework in Frameworks */ = {isa = PBXBuildFile; fileRef = 134882E33C9AFD5DBAFF9DF0 /* AudioToolbox.framework */; };
		940E2B9B99C77AC87095BE31 /* include_juce_graphics.mm in Sources */ = {isa = PBXBuildFile; fileRef = E4138EFE1745FF4BF3CA56E1 /* include_juce_graphics.mm */; };
		96E7D0450B7A5AF028BD500D /* include_juce_gui_basics.mm in Sources */ = {isa = PBXBuildFile; fileRef = 71FAA7053F73E701F08A96AF /* include_juce_gui_basics.mm */; };
		9901FCD32103D34AAB83FC9A /* include_juce_opengl.mm in Sources */ = {isa = PBXBuildFile; fileRef = C166145DF344E44C9CF99674 /* include_juce_opengl.mm */; };
		9ED4A6BC55CDC260821F09BD /* TrainingTab.h in Resources */ = {isa = PBXBuildFile; fileRef = A09BA9F2EEF7BC6A6A1A794B /* TrainingTab.h */; };
		AF1C1D7F59581CB685BB9C95 /* RecentFilesMenuTemplate.nib in Resources */ = {isa = PBXBuildFile; fileRef = C23E3B248FE8DE5DEE98F367 /* RecentFilesMenuTemplate.nib */; };
		AF4B53A890C9925B9BC196C2 /* GUI.h in Resources */ = {isa = PBXBuildFile; fileRef = E1A618444812A4DCC743308D /* GUI.h */; };
		B80FD9EF0AC2E4C259857D80 /* WebKit.framework in Frameworks */ = {isa = PBXBuildFile; fileRef = C78AD37A904E88B9B1493A1F /* WebKit.framework */; };
		BE4D78409E7C4EEEA1F476C2 /* CoreAudio.framework in Frameworks */ = {isa = PBXBuildFile; fileRef = 5B6B0E0627C51B995383FEFC /* CoreAudio.framework */; };
		C7F423C3F84D9DF38C8816E5 /* include_juce_gui_extra.mm in Sources */ = {isa = PBXBuildFile; fileRef = 5B6CFAC2A571FFD57BABFAFF /* include_juce_gui_extra.mm */; };
		CF6A40EDE8DE81DF9EDF2D9B /* Main.cpp in Sources */ = {isa = PBXBuildFile; fileRef = 911AC6E62F5A797C37B92746 /* Main.cpp */; };
		D16B9539C38DC41CB843136E /* include_juce_audio_utils.mm in Sources */ = {isa = PBXBuildFile; fileRef = F2954C87D4852ECC274A0A67 /* include_juce_audio_utils.mm */; };
		D1CA2D1251320B6D548D1A96 /* AmplitudeConfigTab.cpp in Sources */ = {isa = PBXBuildFile; fileRef = 4E31AA73B5111DAE11A2A1CC /* AmplitudeConfigTab.cpp */; };
		D2F17AF527C163B2E3C97100 /* Accelerate.framework in Frameworks */ = {isa = PBXBuildFile; fileRef = 0B56A3B3323982E2C13D7BA1 /* Accelerate.framework */; };
		D7A18456D0258773A77AA1AC /* PresetTab.h in Resources */ = {isa = PBXBuildFile; fileRef = 95F50364C7CBA537F783C198 /* PresetTab.h */; };
		E1A2CBEA1DAA1BE97601EC85 /* ConvertADSRToSig.cpp in Sources */ = {isa = PBXBuildFile; fileRef = 811F4B9A2987CBD781F7FCE8 /* ConvertADSRToSig.cpp */; };
		E33F743460ED58BB773EF573 /* PresetTab.cpp in Sources */ = {isa = PBXBuildFile; fileRef = A987129AD738044DA34CC1AD /* PresetTab.cpp */; };
		E4A7F602790542706A5C6575 /* OpenGL.framework in Frameworks */ = {isa = PBXBuildFile; fileRef = D896191B47494EAD9F9CFB52 /* OpenGL.framework */; };
		EB36F3AB1C2F1D6DB6187D28 /* include_juce_events.mm in Sources */ = {isa = PBXBuildFile; fileRef = EFA5027330C0203DF3D3BBB9 /* include_juce_events.mm */; };
		EEA1E8420B3A119EA38F177F /* QuartzCore.framework in Frameworks */ = {isa = PBXBuildFile; fileRef = 3F28BA9B2D605D0C5772EA8C /* QuartzCore.framework */; };
		F4CC91BAC902061401E0CA97 /* AmplitudeExtractor.cpp in Sources */ = {isa = PBXBuildFile; fileRef = 6CCDA1692E08300D231B4DAE /* AmplitudeExtractor.cpp */; };
/* End PBXBuildFile section */

/* Begin PBXFileReference section */
		00E2512373DBD06351920B41 /* juce_dsp */ = {isa = PBXFileReference; lastKnownFileType = folder; name = juce_dsp; path = /Users/liuhanyu1030/Documents/JUCE/modules/juce_dsp; sourceTree = "<absolute>"; };
		07E6494C6444E87536E0CC62 /* CoreMIDI.framework */ = {isa = PBXFileReference; lastKnownFileType = wrapper.framework; name = CoreMIDI.framework; path = System/Library/Frameworks/CoreMIDI.framework; sourceTree = SDKROOT; };
		0B56A3B3323982E2C13D7BA1 /* Accelerate.framework */ = {isa = PBXFileReference; lastKnownFileType = wrapper.framework; name = Accelerate.framework; path = System/Library/Frameworks/Accelerate.framework; sourceTree = SDKROOT; };
		105163192234D54FA14A3CB2 /* include_juce_audio_processors.mm */ = {isa = PBXFileReference; lastKnownFileType = sourcecode.cpp.objcpp; name = include_juce_audio_processors.mm; path = ../../JuceLibraryCode/include_juce_audio_processors.mm; sourceTree = SOURCE_ROOT; };
		10DA2A22A557F242F9FA9361 /* Carbon.framework */ = {isa = PBXFileReference; lastKnownFileType = wrapper.framework; name = Carbon.framework; path = System/Library/Frameworks/Carbon.framework; sourceTree = SDKROOT; };
		134882E33C9AFD5DBAFF9DF0 /* AudioToolbox.framework */ = {isa = PBXFileReference; lastKnownFileType = wrapper.framework; name = AudioToolbox.framework; path = System/Library/Frameworks/AudioToolbox.framework; sourceTree = SDKROOT; };
		19A171DF8EF6334D5F6392BE /* juce_gui_basics */ = {isa = PBXFileReference; lastKnownFileType = folder; name = juce_gui_basics; path = /Users/liuhanyu1030/Documents/JUCE/modules/juce_gui_basics; sourceTree = "<absolute>"; };
		1CC008E206A3EA43063D858F /* SpectralExtractor.h */ = {isa = PBXFileReference; lastKnownFileType = sourcecode.c.h; name = SpectralExtractor.h; path = ../../Source/SpectralExtractor.h; sourceTree = SOURCE_ROOT; };
		1E604B646554E3B3CF9CAA60 /* CoreMedia.framework */ = {isa = PBXFileReference; lastKnownFileType = wrapper.framework; name = CoreMedia.framework; path = System/Library/Frameworks/CoreMedia.framework; sourceTree = SDKROOT; };
		200A0C5CAD61A44C88DB37C7 /* Cocoa.framework */ = {isa = PBXFileReference; lastKnownFileType = wrapper.framework; name = Cocoa.framework; path = System/Library/Frameworks/Cocoa.framework; sourceTree = SDKROOT; };
		274799345334FA3CD73FBAAB /* MainComponent.cpp */ = {isa = PBXFileReference; lastKnownFileType = sourcecode.cpp.cpp; name = MainComponent.cpp; path = ../../Source/MainComponent.cpp; sourceTree = SOURCE_ROOT; };
		2939C46AFB5B8C8B56904F59 /* AVFoundation.framework */ = {isa = PBXFileReference; lastKnownFileType = wrapper.framework; name = AVFoundation.framework; path = System/Library/Frameworks/AVFoundation.framework; sourceTree = SDKROOT; };
		2EB24B4D8ECC4EA094768ABD /* AudioLiveScrollingDisplay.h */ = {isa = PBXFileReference; lastKnownFileType = sourcecode.c.h; name = AudioLiveScrollingDisplay.h; path = ../../Source/AudioLiveScrollingDisplay.h; sourceTree = SOURCE_ROOT; };
		3490846E5852A6254237D8B8 /* juce_data_structures */ = {isa = PBXFileReference; lastKnownFileType = folder; name = juce_data_structures; path = /Users/liuhanyu1030/Documents/JUCE/modules/juce_data_structures; sourceTree = "<absolute>"; };
		3AC27F52DAB0FB3DB1043BBF /* juce_audio_utils */ = {isa = PBXFileReference; lastKnownFileType = folder; name = juce_audio_utils; path = /Users/liuhanyu1030/Documents/JUCE/modules/juce_audio_utils; sourceTree = "<absolute>"; };
		3D188F4E8D62B625FADD4689 /* DacControl.h */ = {isa = PBXFileReference; lastKnownFileType = sourcecode.c.h; name = DacControl.h; path = ../../Source/DacControl.h; sourceTree = SOURCE_ROOT; };
		3F28BA9B2D605D0C5772EA8C /* QuartzCore.framework */ = {isa = PBXFileReference; lastKnownFileType = wrapper.framework; name = QuartzCore.framework; path = System/Library/Frameworks/QuartzCore.framework; sourceTree = SDKROOT; };
		44E7EEB91FC2D141006F3CC3 /* SoundProfileStruct.h */ = {isa = PBXFileReference; lastKnownFileType = sourcecode.c.h; name = SoundProfileStruct.h; path = ../../Source/SoundProfileStruct.h; sourceTree = "<group>"; };
		44E7EEBA1FC2D693006F3CC3 /* SpectralConfigTab.cpp */ = {isa = PBXFileReference; lastKnownFileType = sourcecode.cpp.cpp; name = SpectralConfigTab.cpp; path = ../../Source/SpectralConfigTab.cpp; sourceTree = "<group>"; };
		44E7EEBC1FC2D6AD006F3CC3 /* SpectralConfigTab.h */ = {isa = PBXFileReference; lastKnownFileType = sourcecode.c.h; name = SpectralConfigTab.h; path = ../../Source/SpectralConfigTab.h; sourceTree = "<group>"; };
		44E7EEC21FC32A3D006F3CC3 /* ConvertAmpEnvToSig.cpp */ = {isa = PBXFileReference; lastKnownFileType = sourcecode.cpp.cpp; name = ConvertAmpEnvToSig.cpp; path = ../../Source/ConvertAmpEnvToSig.cpp; sourceTree = "<group>"; };
		44E7EEC41FC32A92006F3CC3 /* ConvertSpecEnvToSig.cpp */ = {isa = PBXFileReference; lastKnownFileType = sourcecode.cpp.cpp; name = ConvertSpecEnvToSig.cpp; path = ../../Source/ConvertSpecEnvToSig.cpp; sourceTree = "<group>"; };
		4A1B62679165A3B4868C2C7E /* SpectralExtractor.cpp */ = {isa = PBXFileReference; lastKnownFileType = sourcecode.cpp.cpp; name = SpectralExtractor.cpp; path = ../../Source/SpectralExtractor.cpp; sourceTree = SOURCE_ROOT; };
		4E31AA73B5111DAE11A2A1CC /* AmplitudeConfigTab.cpp */ = {isa = PBXFileReference; lastKnownFileType = sourcecode.cpp.cpp; name = AmplitudeConfigTab.cpp; path = ../../Source/AmplitudeConfigTab.cpp; sourceTree = SOURCE_ROOT; };
		515C3DD9880FB618CE1B6CB6 /* juce_audio_formats */ = {isa = PBXFileReference; lastKnownFileType = folder; name = juce_audio_formats; path = /Users/liuhanyu1030/Documents/JUCE/modules/juce_audio_formats; sourceTree = "<absolute>"; };
		559DA4019D457BB877EB5E93 /* MainUITabs.cpp */ = {isa = PBXFileReference; lastKnownFileType = sourcecode.cpp.cpp; name = MainUITabs.cpp; path = ../../Source/MainUITabs.cpp; sourceTree = SOURCE_ROOT; };
		5B6B0E0627C51B995383FEFC /* CoreAudio.framework */ = {isa = PBXFileReference; lastKnownFileType = wrapper.framework; name = CoreAudio.framework; path = System/Library/Frameworks/CoreAudio.framework; sourceTree = SDKROOT; };
		5B6CFAC2A571FFD57BABFAFF /* include_juce_gui_extra.mm */ = {isa = PBXFileReference; lastKnownFileType = sourcecode.cpp.objcpp; name = include_juce_gui_extra.mm; path = ../../JuceLibraryCode/include_juce_gui_extra.mm; sourceTree = SOURCE_ROOT; };
		615B8B9BF6A84535E9EB3B5F /* TrainingTab.cpp */ = {isa = PBXFileReference; lastKnownFileType = sourcecode.cpp.cpp; name = TrainingTab.cpp; path = ../../Source/TrainingTab.cpp; sourceTree = SOURCE_ROOT; };
		6933C111A50C5126365CA8D1 /* juce_audio_processors */ = {isa = PBXFileReference; lastKnownFileType = folder; name = juce_audio_processors; path = /Users/liuhanyu1030/Documents/JUCE/modules/juce_audio_processors; sourceTree = "<absolute>"; };
		6C6D5579DBC65EF13A47F459 /* IOKit.framework */ = {isa = PBXFileReference; lastKnownFileType = wrapper.framework; name = IOKit.framework; path = System/Library/Frameworks/IOKit.framework; sourceTree = SDKROOT; };
		6CCDA1692E08300D231B4DAE /* AmplitudeExtractor.cpp */ = {isa = PBXFileReference; lastKnownFileType = sourcecode.cpp.cpp; name = AmplitudeExtractor.cpp; path = ../../Source/AmplitudeExtractor.cpp; sourceTree = SOURCE_ROOT; };
		71FAA7053F73E701F08A96AF /* include_juce_gui_basics.mm */ = {isa = PBXFileReference; lastKnownFileType = sourcecode.cpp.objcpp; name = include_juce_gui_basics.mm; path = ../../JuceLibraryCode/include_juce_gui_basics.mm; sourceTree = SOURCE_ROOT; };
		782423772276EEAC94AD8A43 /* include_juce_dsp.mm */ = {isa = PBXFileReference; lastKnownFileType = sourcecode.cpp.objcpp; name = include_juce_dsp.mm; path = ../../JuceLibraryCode/include_juce_dsp.mm; sourceTree = SOURCE_ROOT; };
		7E9BC6577481B7B815138D51 /* include_juce_cryptography.mm */ = {isa = PBXFileReference; lastKnownFileType = sourcecode.cpp.objcpp; name = include_juce_cryptography.mm; path = ../../JuceLibraryCode/include_juce_cryptography.mm; sourceTree = SOURCE_ROOT; };
		811F4B9A2987CBD781F7FCE8 /* ConvertADSRToSig.cpp */ = {isa = PBXFileReference; lastKnownFileType = sourcecode.cpp.cpp; name = ConvertADSRToSig.cpp; path = ../../Source/ConvertADSRToSig.cpp; sourceTree = SOURCE_ROOT; };
		820ED68F89CDD6FDA79B5E0E /* juce_cryptography */ = {isa = PBXFileReference; lastKnownFileType = folder; name = juce_cryptography; path = /Users/liuhanyu1030/Documents/JUCE/modules/juce_cryptography; sourceTree = "<absolute>"; };
		83F75DD2ACB13FD0F4D699F7 /* juce_gui_extra */ = {isa = PBXFileReference; lastKnownFileType = folder; name = juce_gui_extra; path = /Users/liuhanyu1030/Documents/JUCE/modules/juce_gui_extra; sourceTree = "<absolute>"; };
		85690D1207812266C0D4AF0B /* AVKit.framework */ = {isa = PBXFileReference; lastKnownFileType = wrapper.framework; name = AVKit.framework; path = System/Library/Frameworks/AVKit.framework; sourceTree = SDKROOT; };
		86BBFAD8A5D7848A3B9AB512 /* GUI.cpp */ = {isa = PBXFileReference; lastKnownFileType = sourcecode.cpp.cpp; name = GUI.cpp; path = ../../Source/GUI.cpp; sourceTree = SOURCE_ROOT; };
		8CFB2CF23B2F581AF5C491BF /* Info-App.plist */ = {isa = PBXFileReference; lastKnownFileType = text.plist.xml; path = "Info-App.plist"; sourceTree = SOURCE_ROOT; };
		8ECE2C5538C1BCA8AC516BA0 /* AppConfig.h */ = {isa = PBXFileReference; lastKnownFileType = sourcecode.c.h; name = AppConfig.h; path = ../../JuceLibraryCode/AppConfig.h; sourceTree = SOURCE_ROOT; };
		911AC6E62F5A797C37B92746 /* Main.cpp */ = {isa = PBXFileReference; lastKnownFileType = sourcecode.cpp.cpp; name = Main.cpp; path = ../../Source/Main.cpp; sourceTree = SOURCE_ROOT; };
		95F50364C7CBA537F783C198 /* PresetTab.h */ = {isa = PBXFileReference; lastKnownFileType = sourcecode.c.h; name = PresetTab.h; path = ../../Source/PresetTab.h; sourceTree = SOURCE_ROOT; };
		9C7F4319ABC5B02494882B06 /* juce_audio_basics */ = {isa = PBXFileReference; lastKnownFileType = folder; name = juce_audio_basics; path = /Users/liuhanyu1030/Documents/JUCE/modules/juce_audio_basics; sourceTree = "<absolute>"; };
		A09BA9F2EEF7BC6A6A1A794B /* TrainingTab.h */ = {isa = PBXFileReference; lastKnownFileType = sourcecode.c.h; name = TrainingTab.h; path = ../../Source/TrainingTab.h; sourceTree = SOURCE_ROOT; };
		A1E425506AE856FFE6013ADA /* juce_graphics */ = {isa = PBXFileReference; lastKnownFileType = folder; name = juce_graphics; path = /Users/liuhanyu1030/Documents/JUCE/modules/juce_graphics; sourceTree = "<absolute>"; };
		A946C7E58C40320464D31937 /* AmplitudeConfigTab.h */ = {isa = PBXFileReference; lastKnownFileType = sourcecode.c.h; name = AmplitudeConfigTab.h; path = ../../Source/AmplitudeConfigTab.h; sourceTree = SOURCE_ROOT; };
		A987129AD738044DA34CC1AD /* PresetTab.cpp */ = {isa = PBXFileReference; lastKnownFileType = sourcecode.cpp.cpp; name = PresetTab.cpp; path = ../../Source/PresetTab.cpp; sourceTree = SOURCE_ROOT; };
		AB8B49AB4DE65E71AAF1FB5A /* JuceHeader.h */ = {isa = PBXFileReference; lastKnownFileType = sourcecode.c.h; name = JuceHeader.h; path = ../../JuceLibraryCode/JuceHeader.h; sourceTree = SOURCE_ROOT; };
		AE93CDBCCCF7997D10F44F44 /* AmplitudeExtractor.h */ = {isa = PBXFileReference; lastKnownFileType = sourcecode.c.h; name = AmplitudeExtractor.h; path = ../../Source/AmplitudeExtractor.h; sourceTree = SOURCE_ROOT; };
		B5616FA8C426B9862DD22074 /* juce_core */ = {isa = PBXFileReference; lastKnownFileType = folder; name = juce_core; path = /Users/liuhanyu1030/Documents/JUCE/modules/juce_core; sourceTree = "<absolute>"; };
		BE4C748F55EC5AE496139F20 /* checkpoint.app */ = {isa = PBXFileReference; explicitFileType = wrapper.application; includeInIndex = 0; path = checkpoint.app; sourceTree = BUILT_PRODUCTS_DIR; };
		C166145DF344E44C9CF99674 /* include_juce_opengl.mm */ = {isa = PBXFileReference; lastKnownFileType = sourcecode.cpp.objcpp; name = include_juce_opengl.mm; path = ../../JuceLibraryCode/include_juce_opengl.mm; sourceTree = SOURCE_ROOT; };
		C16E4FD14F0CEAB5FFD08CDE /* juce_video */ = {isa = PBXFileReference; lastKnownFileType = folder; name = juce_video; path = /Users/liuhanyu1030/Documents/JUCE/modules/juce_video; sourceTree = "<absolute>"; };
		C23E3B248FE8DE5DEE98F367 /* RecentFilesMenuTemplate.nib */ = {isa = PBXFileReference; lastKnownFileType = file.nib; path = RecentFilesMenuTemplate.nib; sourceTree = SOURCE_ROOT; };
		C401723C07BC07130A3CE133 /* DacControl.cpp */ = {isa = PBXFileReference; lastKnownFileType = sourcecode.cpp.cpp; name = DacControl.cpp; path = ../../Source/DacControl.cpp; sourceTree = SOURCE_ROOT; };
		C78AD37A904E88B9B1493A1F /* WebKit.framework */ = {isa = PBXFileReference; lastKnownFileType = wrapper.framework; name = WebKit.framework; path = System/Library/Frameworks/WebKit.framework; sourceTree = SDKROOT; };
		D896191B47494EAD9F9CFB52 /* OpenGL.framework */ = {isa = PBXFileReference; lastKnownFileType = wrapper.framework; name = OpenGL.framework; path = System/Library/Frameworks/OpenGL.framework; sourceTree = SDKROOT; };
		DFB35916D195B6EF16D60337 /* DiscRecording.framework */ = {isa = PBXFileReference; lastKnownFileType = wrapper.framework; name = DiscRecording.framework; path = System/Library/Frameworks/DiscRecording.framework; sourceTree = SDKROOT; };
		E056CF71BBCD10A4A4000A4D /* include_juce_audio_devices.mm */ = {isa = PBXFileReference; lastKnownFileType = sourcecode.cpp.objcpp; name = include_juce_audio_devices.mm; path = ../../JuceLibraryCode/include_juce_audio_devices.mm; sourceTree = SOURCE_ROOT; };
		E1A618444812A4DCC743308D /* GUI.h */ = {isa = PBXFileReference; lastKnownFileType = sourcecode.c.h; name = GUI.h; path = ../../Source/GUI.h; sourceTree = SOURCE_ROOT; };
		E3CE61C12C93EC4E5B8F6FE8 /* include_juce_audio_formats.mm */ = {isa = PBXFileReference; lastKnownFileType = sourcecode.cpp.objcpp; name = include_juce_audio_formats.mm; path = ../../JuceLibraryCode/include_juce_audio_formats.mm; sourceTree = SOURCE_ROOT; };
		E4138EFE1745FF4BF3CA56E1 /* include_juce_graphics.mm */ = {isa = PBXFileReference; lastKnownFileType = sourcecode.cpp.objcpp; name = include_juce_graphics.mm; path = ../../JuceLibraryCode/include_juce_graphics.mm; sourceTree = SOURCE_ROOT; };
		E8AAFA16D63A317F91407FB2 /* include_juce_audio_basics.mm */ = {isa = PBXFileReference; lastKnownFileType = sourcecode.cpp.objcpp; name = include_juce_audio_basics.mm; path = ../../JuceLibraryCode/include_juce_audio_basics.mm; sourceTree = SOURCE_ROOT; };
		E8BED17AFA7C8F0AE7CAADEA /* juce_opengl */ = {isa = PBXFileReference; lastKnownFileType = folder; name = juce_opengl; path = /Users/liuhanyu1030/Documents/JUCE/modules/juce_opengl; sourceTree = "<absolute>"; };
		E9D232F5C98CA9CA054E6C5B /* include_juce_data_structures.mm */ = {isa = PBXFileReference; lastKnownFileType = sourcecode.cpp.objcpp; name = include_juce_data_structures.mm; path = ../../JuceLibraryCode/include_juce_data_structures.mm; sourceTree = SOURCE_ROOT; };
		EDB2621132905E6151D3F37E /* include_juce_core.mm */ = {isa = PBXFileReference; lastKnownFileType = sourcecode.cpp.objcpp; name = include_juce_core.mm; path = ../../JuceLibraryCode/include_juce_core.mm; sourceTree = SOURCE_ROOT; };
		EDC7077BBD58016D8A305FB8 /* include_juce_video.mm */ = {isa = PBXFileReference; lastKnownFileType = sourcecode.cpp.objcpp; name = include_juce_video.mm; path = ../../JuceLibraryCode/include_juce_video.mm; sourceTree = SOURCE_ROOT; };
		EF8DE35649DECA5DC6E1DEDE /* juce_events */ = {isa = PBXFileReference; lastKnownFileType = folder; name = juce_events; path = /Users/liuhanyu1030/Documents/JUCE/modules/juce_events; sourceTree = "<absolute>"; };
		EFA5027330C0203DF3D3BBB9 /* include_juce_events.mm */ = {isa = PBXFileReference; lastKnownFileType = sourcecode.cpp.objcpp; name = include_juce_events.mm; path = ../../JuceLibraryCode/include_juce_events.mm; sourceTree = SOURCE_ROOT; };
		F146FAAC9E8DA5F1F63875C7 /* MainUITabs.h */ = {isa = PBXFileReference; lastKnownFileType = sourcecode.c.h; name = MainUITabs.h; path = ../../Source/MainUITabs.h; sourceTree = SOURCE_ROOT; };
		F2954C87D4852ECC274A0A67 /* include_juce_audio_utils.mm */ = {isa = PBXFileReference; lastKnownFileType = sourcecode.cpp.objcpp; name = include_juce_audio_utils.mm; path = ../../JuceLibraryCode/include_juce_audio_utils.mm; sourceTree = SOURCE_ROOT; };
		FBDBB44FDF1176DE6C9CA0BE /* juce_audio_devices */ = {isa = PBXFileReference; lastKnownFileType = folder; name = juce_audio_devices; path = /Users/liuhanyu1030/Documents/JUCE/modules/juce_audio_devices; sourceTree = "<absolute>"; };
/* End PBXFileReference section */

/* Begin PBXFrameworksBuildPhase section */
		C6A5EB7C35D3E56BD635059F /* Frameworks */ = {
			isa = PBXFrameworksBuildPhase;
			buildActionMask = 2147483647;
			files = (
				D2F17AF527C163B2E3C97100 /* Accelerate.framework in Frameworks */,
				93332648396B101A7FFD8D2D /* AudioToolbox.framework in Frameworks */,
				54036893C6866B27ADE6C59E /* AVFoundation.framework in Frameworks */,
				6BBC072143ED423832D17759 /* AVKit.framework in Frameworks */,
				09EB6D0D2A4EAA161AA4A48E /* Carbon.framework in Frameworks */,
				86EC3C707F8AB901672FFCF8 /* Cocoa.framework in Frameworks */,
				BE4D78409E7C4EEEA1F476C2 /* CoreAudio.framework in Frameworks */,
				2B1714077E417241354A761D /* CoreMedia.framework in Frameworks */,
				05F54A46B8DCDFA3634D62FE /* CoreMIDI.framework in Frameworks */,
				5E54644F78AB57A6179C1231 /* DiscRecording.framework in Frameworks */,
				67656CC4A547833227775168 /* IOKit.framework in Frameworks */,
				E4A7F602790542706A5C6575 /* OpenGL.framework in Frameworks */,
				EEA1E8420B3A119EA38F177F /* QuartzCore.framework in Frameworks */,
				B80FD9EF0AC2E4C259857D80 /* WebKit.framework in Frameworks */,
			);
			runOnlyForDeploymentPostprocessing = 0;
		};
/* End PBXFrameworksBuildPhase section */

/* Begin PBXGroup section */
		275B6F54FD22B776A4AA5635 /* Products */ = {
			isa = PBXGroup;
			children = (
				BE4C748F55EC5AE496139F20 /* checkpoint.app */,
			);
			name = Products;
			sourceTree = "<group>";
		};
		2EEDEDB6CF7F2F0F57996C91 /* Juce Modules */ = {
			isa = PBXGroup;
			children = (
				9C7F4319ABC5B02494882B06 /* juce_audio_basics */,
				FBDBB44FDF1176DE6C9CA0BE /* juce_audio_devices */,
				515C3DD9880FB618CE1B6CB6 /* juce_audio_formats */,
				6933C111A50C5126365CA8D1 /* juce_audio_processors */,
				3AC27F52DAB0FB3DB1043BBF /* juce_audio_utils */,
				B5616FA8C426B9862DD22074 /* juce_core */,
				820ED68F89CDD6FDA79B5E0E /* juce_cryptography */,
				3490846E5852A6254237D8B8 /* juce_data_structures */,
				00E2512373DBD06351920B41 /* juce_dsp */,
				EF8DE35649DECA5DC6E1DEDE /* juce_events */,
				A1E425506AE856FFE6013ADA /* juce_graphics */,
				19A171DF8EF6334D5F6392BE /* juce_gui_basics */,
				83F75DD2ACB13FD0F4D699F7 /* juce_gui_extra */,
				E8BED17AFA7C8F0AE7CAADEA /* juce_opengl */,
				C16E4FD14F0CEAB5FFD08CDE /* juce_video */,
			);
			name = "Juce Modules";
			sourceTree = "<group>";
		};
		4CD55982750A31E57BEAC68D /* Frameworks */ = {
			isa = PBXGroup;
			children = (
				0B56A3B3323982E2C13D7BA1 /* Accelerate.framework */,
				134882E33C9AFD5DBAFF9DF0 /* AudioToolbox.framework */,
				2939C46AFB5B8C8B56904F59 /* AVFoundation.framework */,
				85690D1207812266C0D4AF0B /* AVKit.framework */,
				10DA2A22A557F242F9FA9361 /* Carbon.framework */,
				200A0C5CAD61A44C88DB37C7 /* Cocoa.framework */,
				5B6B0E0627C51B995383FEFC /* CoreAudio.framework */,
				1E604B646554E3B3CF9CAA60 /* CoreMedia.framework */,
				07E6494C6444E87536E0CC62 /* CoreMIDI.framework */,
				DFB35916D195B6EF16D60337 /* DiscRecording.framework */,
				6C6D5579DBC65EF13A47F459 /* IOKit.framework */,
				D896191B47494EAD9F9CFB52 /* OpenGL.framework */,
				3F28BA9B2D605D0C5772EA8C /* QuartzCore.framework */,
				C78AD37A904E88B9B1493A1F /* WebKit.framework */,
			);
			name = Frameworks;
			sourceTree = "<group>";
		};
		4E0A57DE586449F1E2DEC119 /* Source */ = {
			isa = PBXGroup;
			children = (
				B0ACD0928B3446D8BFD80307 /* checkpoint */,
				2EEDEDB6CF7F2F0F57996C91 /* Juce Modules */,
				BB4D057274394BDAC2CE95E9 /* Juce Library Code */,
				D18578F934C82722B1374FBC /* Resources */,
				4CD55982750A31E57BEAC68D /* Frameworks */,
				275B6F54FD22B776A4AA5635 /* Products */,
			);
			name = Source;
			sourceTree = "<group>";
		};
		B0ACD0928B3446D8BFD80307 /* checkpoint */ = {
			isa = PBXGroup;
			children = (
				BF0AFAB45575164B059C5457 /* Source */,
			);
			name = checkpoint;
			sourceTree = "<group>";
		};
		BB4D057274394BDAC2CE95E9 /* Juce Library Code */ = {
			isa = PBXGroup;
			children = (
				8ECE2C5538C1BCA8AC516BA0 /* AppConfig.h */,
				E8AAFA16D63A317F91407FB2 /* include_juce_audio_basics.mm */,
				E056CF71BBCD10A4A4000A4D /* include_juce_audio_devices.mm */,
				E3CE61C12C93EC4E5B8F6FE8 /* include_juce_audio_formats.mm */,
				105163192234D54FA14A3CB2 /* include_juce_audio_processors.mm */,
				F2954C87D4852ECC274A0A67 /* include_juce_audio_utils.mm */,
				EDB2621132905E6151D3F37E /* include_juce_core.mm */,
				7E9BC6577481B7B815138D51 /* include_juce_cryptography.mm */,
				E9D232F5C98CA9CA054E6C5B /* include_juce_data_structures.mm */,
				782423772276EEAC94AD8A43 /* include_juce_dsp.mm */,
				EFA5027330C0203DF3D3BBB9 /* include_juce_events.mm */,
				E4138EFE1745FF4BF3CA56E1 /* include_juce_graphics.mm */,
				71FAA7053F73E701F08A96AF /* include_juce_gui_basics.mm */,
				5B6CFAC2A571FFD57BABFAFF /* include_juce_gui_extra.mm */,
				C166145DF344E44C9CF99674 /* include_juce_opengl.mm */,
				EDC7077BBD58016D8A305FB8 /* include_juce_video.mm */,
				AB8B49AB4DE65E71AAF1FB5A /* JuceHeader.h */,
			);
			name = "Juce Library Code";
			sourceTree = "<group>";
		};
		BF0AFAB45575164B059C5457 /* Source */ = {
			isa = PBXGroup;
			children = (
				86BBFAD8A5D7848A3B9AB512 /* GUI.cpp */,
				E1A618444812A4DCC743308D /* GUI.h */,
				559DA4019D457BB877EB5E93 /* MainUITabs.cpp */,
				F146FAAC9E8DA5F1F63875C7 /* MainUITabs.h */,
				615B8B9BF6A84535E9EB3B5F /* TrainingTab.cpp */,
				A09BA9F2EEF7BC6A6A1A794B /* TrainingTab.h */,
				4E31AA73B5111DAE11A2A1CC /* AmplitudeConfigTab.cpp */,
				A946C7E58C40320464D31937 /* AmplitudeConfigTab.h */,
				44E7EEBA1FC2D693006F3CC3 /* SpectralConfigTab.cpp */,
				44E7EEBC1FC2D6AD006F3CC3 /* SpectralConfigTab.h */,
				A987129AD738044DA34CC1AD /* PresetTab.cpp */,
				95F50364C7CBA537F783C198 /* PresetTab.h */,
				C401723C07BC07130A3CE133 /* DacControl.cpp */,
				3D188F4E8D62B625FADD4689 /* DacControl.h */,
				6CCDA1692E08300D231B4DAE /* AmplitudeExtractor.cpp */,
				AE93CDBCCCF7997D10F44F44 /* AmplitudeExtractor.h */,
				4A1B62679165A3B4868C2C7E /* SpectralExtractor.cpp */,
				1CC008E206A3EA43063D858F /* SpectralExtractor.h */,
				2EB24B4D8ECC4EA094768ABD /* AudioLiveScrollingDisplay.h */,
				274799345334FA3CD73FBAAB /* MainComponent.cpp */,
				911AC6E62F5A797C37B92746 /* Main.cpp */,
				44E7EEB91FC2D141006F3CC3 /* SoundProfileStruct.h */,
				811F4B9A2987CBD781F7FCE8 /* ConvertADSRToSig.cpp */,
				44E7EEC21FC32A3D006F3CC3 /* ConvertAmpEnvToSig.cpp */,
				44E7EEC41FC32A92006F3CC3 /* ConvertSpecEnvToSig.cpp */,
			);
			name = Source;
			sourceTree = "<group>";
		};
		D18578F934C82722B1374FBC /* Resources */ = {
			isa = PBXGroup;
			children = (
				8CFB2CF23B2F581AF5C491BF /* Info-App.plist */,
				C23E3B248FE8DE5DEE98F367 /* RecentFilesMenuTemplate.nib */,
			);
			name = Resources;
			sourceTree = "<group>";
		};
/* End PBXGroup section */

/* Begin PBXNativeTarget section */
		6B5E09CA3EC1A85A6BA633F2 /* checkpoint - App */ = {
			isa = PBXNativeTarget;
			buildConfigurationList = 6175F07CCA52012AD2BE1491 /* Build configuration list for PBXNativeTarget "checkpoint - App" */;
			buildPhases = (
				CBF834B3FA49B17CA0697733 /* Resources */,
				D869EA18788A537A8ECAB44A /* Sources */,
				C6A5EB7C35D3E56BD635059F /* Frameworks */,
			);
			buildRules = (
			);
			dependencies = (
			);
			name = "checkpoint - App";
			productName = checkpoint;
			productReference = BE4C748F55EC5AE496139F20 /* checkpoint.app */;
			productType = "com.apple.product-type.application";
		};
/* End PBXNativeTarget section */

/* Begin PBXProject section */
		06F859633661CF8FAAE60B39 /* Project object */ = {
			isa = PBXProject;
			attributes = {
				LastUpgradeCheck = 0830;
				TargetAttributes = {
					6B5E09CA3EC1A85A6BA633F2 = {
						SystemCapabilities = {
							com.apple.ApplicationGroups.iOS = {
								enabled = 0;
							};
							com.apple.InAppPurchase = {
								enabled = 0;
							};
							com.apple.InterAppAudio = {
								enabled = 0;
							};
							com.apple.Push = {
								enabled = 0;
							};
							com.apple.Sandbox = {
								enabled = 0;
							};
						};
					};
				};
			};
			buildConfigurationList = 85333FF1C87216CC48FFF61B /* Build configuration list for PBXProject "checkpoint" */;
			compatibilityVersion = "Xcode 3.2";
			developmentRegion = en;
			hasScannedForEncodings = 0;
			knownRegions = (
				en,
			);
			mainGroup = 4E0A57DE586449F1E2DEC119 /* Source */;
			projectDirPath = "";
			projectRoot = "";
			targets = (
				6B5E09CA3EC1A85A6BA633F2 /* checkpoint - App */,
			);
		};
/* End PBXProject section */

/* Begin PBXResourcesBuildPhase section */
		CBF834B3FA49B17CA0697733 /* Resources */ = {
			isa = PBXResourcesBuildPhase;
			buildActionMask = 2147483647;
			files = (
				AF1C1D7F59581CB685BB9C95 /* RecentFilesMenuTemplate.nib in Resources */,
				D7A18456D0258773A77AA1AC /* PresetTab.h in Resources */,
				47F41C577E4D58DCE62B82A2 /* SpectralExtractor.h in Resources */,
				6DDAEB49CDC1A9789EAB5214 /* DacControl.h in Resources */,
				5D65FBF0C0DB8BD3E68502AC /* MainUITabs.h in Resources */,
				9ED4A6BC55CDC260821F09BD /* TrainingTab.h in Resources */,
				AF4B53A890C9925B9BC196C2 /* GUI.h in Resources */,
				2859C0234F043BDD24B2FEF6 /* AmplitudeExtractor.h in Resources */,
				1C14FEDF54641E847648CFA6 /* AudioLiveScrollingDisplay.h in Resources */,
				274AC3AE2D955C06AAB0BE22 /* AmplitudeConfigTab.h in Resources */,
			);
			runOnlyForDeploymentPostprocessing = 0;
		};
/* End PBXResourcesBuildPhase section */

/* Begin PBXSourcesBuildPhase section */
		D869EA18788A537A8ECAB44A /* Sources */ = {
			isa = PBXSourcesBuildPhase;
			buildActionMask = 2147483647;
			files = (
				E1A2CBEA1DAA1BE97601EC85 /* ConvertADSRToSig.cpp in Sources */,
				E33F743460ED58BB773EF573 /* PresetTab.cpp in Sources */,
				44E7EEBB1FC2D693006F3CC3 /* SpectralConfigTab.cpp in Sources */,
				10573FB1EA8D165D7E9429D7 /* SpectralExtractor.cpp in Sources */,
				D1CA2D1251320B6D548D1A96 /* AmplitudeConfigTab.cpp in Sources */,
				109B738A028B3163C7A7B01B /* DacControl.cpp in Sources */,
				2E03EFE46925C2DBB6720005 /* MainUITabs.cpp in Sources */,
				62C066CA632A75C6DE164B29 /* TrainingTab.cpp in Sources */,
				1DB2C359458FADBC18187B02 /* GUI.cpp in Sources */,
				44E7EEC31FC32A3D006F3CC3 /* ConvertAmpEnvToSig.cpp in Sources */,
				F4CC91BAC902061401E0CA97 /* AmplitudeExtractor.cpp in Sources */,
				7B6E955BDE5CDC67A1A388B9 /* MainComponent.cpp in Sources */,
				CF6A40EDE8DE81DF9EDF2D9B /* Main.cpp in Sources */,
				241B3AEB88B86AEC08BD1158 /* include_juce_audio_basics.mm in Sources */,
				050A109D9BF06E25719FF65B /* include_juce_audio_devices.mm in Sources */,
				7E6F1210B28B13E7033A7ABC /* include_juce_audio_formats.mm in Sources */,
				50FC6F5B42F4BD5FD9B98D03 /* include_juce_audio_processors.mm in Sources */,
				D16B9539C38DC41CB843136E /* include_juce_audio_utils.mm in Sources */,
				1F9EDEBD0AC18F70A39DCDF6 /* include_juce_core.mm in Sources */,
				347F3C5CDF1B97273B99024F /* include_juce_cryptography.mm in Sources */,
				305357E03010282BF97A4B8B /* include_juce_data_structures.mm in Sources */,
				14CF5E56F028CCCD7938F486 /* include_juce_dsp.mm in Sources */,
				EB36F3AB1C2F1D6DB6187D28 /* include_juce_events.mm in Sources */,
				940E2B9B99C77AC87095BE31 /* include_juce_graphics.mm in Sources */,
				44E7EEC51FC32A92006F3CC3 /* ConvertSpecEnvToSig.cpp in Sources */,
				96E7D0450B7A5AF028BD500D /* include_juce_gui_basics.mm in Sources */,
				C7F423C3F84D9DF38C8816E5 /* include_juce_gui_extra.mm in Sources */,
				9901FCD32103D34AAB83FC9A /* include_juce_opengl.mm in Sources */,
				20E0EA78FBB2A3969307BA79 /* include_juce_video.mm in Sources */,
			);
			runOnlyForDeploymentPostprocessing = 0;
		};
/* End PBXSourcesBuildPhase section */

/* Begin XCBuildConfiguration section */
		293D12D7B8045A28D2568418 /* Debug */ = {
			isa = XCBuildConfiguration;
			buildSettings = {
				CLANG_CXX_LANGUAGE_STANDARD = "c++14";
				CLANG_LINK_OBJC_RUNTIME = NO;
				COMBINE_HIDPI_IMAGES = YES;
				CONFIGURATION_BUILD_DIR = "$(PROJECT_DIR)/build/$(CONFIGURATION)";
				COPY_PHASE_STRIP = NO;
				GCC_DYNAMIC_NO_PIC = NO;
				GCC_OPTIMIZATION_LEVEL = 0;
				GCC_PREPROCESSOR_DEFINITIONS = (
					"_DEBUG=1",
					"DEBUG=1",
					"JUCER_XCODE_MAC_F6D2F4CF=1",
					"JUCE_APP_VERSION=1.0.0",
					"JUCE_APP_VERSION_HEX=0x10000",
					"JucePlugin_Build_VST=0",
					"JucePlugin_Build_VST3=0",
					"JucePlugin_Build_AU=0",
					"JucePlugin_Build_AUv3=0",
					"JucePlugin_Build_RTAS=0",
					"JucePlugin_Build_AAX=0",
					"JucePlugin_Build_Standalone=0",
				);
				GCC_VERSION = com.apple.compilers.llvm.clang.1_0;
				HEADER_SEARCH_PATHS = (
					../../JuceLibraryCode,
					/Users/liuhanyu1030/Documents/JUCE/modules,
					"$(inherited)",
				);
				INFOPLIST_FILE = "Info-App.plist";
				INFOPLIST_PREPROCESS = NO;
				INSTALL_PATH = "$(HOME)/Applications";
				MACOSX_DEPLOYMENT_TARGET = 10.11;
				MACOSX_DEPLOYMENT_TARGET_ppc = 10.4;
				PRODUCT_BUNDLE_IDENTIFIER = com.yourcompany.checkpoint;
				SDKROOT_ppc = macosx10.5;
				USE_HEADERMAP = NO;
			};
			name = Debug;
		};
		2C4C5861D031EB48E8A368FB /* Debug */ = {
			isa = XCBuildConfiguration;
			buildSettings = {
				ALWAYS_SEARCH_USER_PATHS = NO;
				CLANG_WARN_BLOCK_CAPTURE_AUTORELEASING = YES;
				CLANG_WARN_BOOL_CONVERSION = YES;
				CLANG_WARN_COMMA = YES;
				CLANG_WARN_CONSTANT_CONVERSION = YES;
				CLANG_WARN_EMPTY_BODY = YES;
				CLANG_WARN_ENUM_CONVERSION = YES;
				CLANG_WARN_INFINITE_RECURSION = YES;
				CLANG_WARN_INT_CONVERSION = YES;
				CLANG_WARN_NON_LITERAL_NULL_CONVERSION = YES;
				CLANG_WARN_OBJC_LITERAL_CONVERSION = YES;
				CLANG_WARN_RANGE_LOOP_ANALYSIS = YES;
				CLANG_WARN_STRICT_PROTOTYPES = YES;
				CLANG_WARN_SUSPICIOUS_MOVE = YES;
				CLANG_WARN_UNREACHABLE_CODE = YES;
				CLANG_WARN__DUPLICATE_METHOD_MATCH = YES;
				DEBUG_INFORMATION_FORMAT = dwarf;
				ENABLE_STRICT_OBJC_MSGSEND = YES;
				ENABLE_TESTABILITY = YES;
				GCC_C_LANGUAGE_STANDARD = c11;
				GCC_INLINES_ARE_PRIVATE_EXTERN = YES;
				GCC_MODEL_TUNING = G5;
				GCC_NO_COMMON_BLOCKS = YES;
				GCC_WARN_64_TO_32_BIT_CONVERSION = YES;
				GCC_WARN_ABOUT_RETURN_TYPE = YES;
				GCC_WARN_CHECK_SWITCH_STATEMENTS = YES;
				GCC_WARN_MISSING_PARENTHESES = YES;
				GCC_WARN_NON_VIRTUAL_DESTRUCTOR = YES;
				GCC_WARN_TYPECHECK_CALLS_TO_PRINTF = YES;
				GCC_WARN_UNDECLARED_SELECTOR = YES;
				GCC_WARN_UNINITIALIZED_AUTOS = YES;
				GCC_WARN_UNUSED_FUNCTION = YES;
				GCC_WARN_UNUSED_VARIABLE = YES;
				ONLY_ACTIVE_ARCH = YES;
				PRODUCT_NAME = checkpoint;
				WARNING_CFLAGS = "-Wreorder";
				ZERO_LINK = NO;
			};
			name = Debug;
		};
		66F9425C64F44C3524AA71F8 /* Release */ = {
			isa = XCBuildConfiguration;
			buildSettings = {
				CLANG_CXX_LANGUAGE_STANDARD = "c++14";
				CLANG_LINK_OBJC_RUNTIME = NO;
				COMBINE_HIDPI_IMAGES = YES;
				CONFIGURATION_BUILD_DIR = "$(PROJECT_DIR)/build/$(CONFIGURATION)";
				DEAD_CODE_STRIPPING = YES;
				GCC_GENERATE_DEBUGGING_SYMBOLS = NO;
				GCC_OPTIMIZATION_LEVEL = 3;
				GCC_PREPROCESSOR_DEFINITIONS = (
					"_NDEBUG=1",
					"NDEBUG=1",
					"JUCER_XCODE_MAC_F6D2F4CF=1",
					"JUCE_APP_VERSION=1.0.0",
					"JUCE_APP_VERSION_HEX=0x10000",
					"JucePlugin_Build_VST=0",
					"JucePlugin_Build_VST3=0",
					"JucePlugin_Build_AU=0",
					"JucePlugin_Build_AUv3=0",
					"JucePlugin_Build_RTAS=0",
					"JucePlugin_Build_AAX=0",
					"JucePlugin_Build_Standalone=0",
				);
				GCC_SYMBOLS_PRIVATE_EXTERN = YES;
				GCC_VERSION = com.apple.compilers.llvm.clang.1_0;
				HEADER_SEARCH_PATHS = (
					../../JuceLibraryCode,
					/Users/liuhanyu1030/Documents/JUCE/modules,
					"$(inherited)",
				);
				INFOPLIST_FILE = "Info-App.plist";
				INFOPLIST_PREPROCESS = NO;
				INSTALL_PATH = "$(HOME)/Applications";
				MACOSX_DEPLOYMENT_TARGET = 10.11;
				MACOSX_DEPLOYMENT_TARGET_ppc = 10.4;
				PRODUCT_BUNDLE_IDENTIFIER = com.yourcompany.checkpoint;
				SDKROOT_ppc = macosx10.5;
				USE_HEADERMAP = NO;
			};
			name = Release;
		};
		9A64FAC39D4CE1CED8CB1C78 /* Release */ = {
			isa = XCBuildConfiguration;
			buildSettings = {
				ALWAYS_SEARCH_USER_PATHS = NO;
				CLANG_WARN_BLOCK_CAPTURE_AUTORELEASING = YES;
				CLANG_WARN_BOOL_CONVERSION = YES;
				CLANG_WARN_COMMA = YES;
				CLANG_WARN_CONSTANT_CONVERSION = YES;
				CLANG_WARN_EMPTY_BODY = YES;
				CLANG_WARN_ENUM_CONVERSION = YES;
				CLANG_WARN_INFINITE_RECURSION = YES;
				CLANG_WARN_INT_CONVERSION = YES;
				CLANG_WARN_NON_LITERAL_NULL_CONVERSION = YES;
				CLANG_WARN_OBJC_LITERAL_CONVERSION = YES;
				CLANG_WARN_RANGE_LOOP_ANALYSIS = YES;
				CLANG_WARN_STRICT_PROTOTYPES = YES;
				CLANG_WARN_SUSPICIOUS_MOVE = YES;
				CLANG_WARN_UNREACHABLE_CODE = YES;
				CLANG_WARN__DUPLICATE_METHOD_MATCH = YES;
				DEBUG_INFORMATION_FORMAT = dwarf;
				ENABLE_STRICT_OBJC_MSGSEND = YES;
				GCC_C_LANGUAGE_STANDARD = c11;
				GCC_INLINES_ARE_PRIVATE_EXTERN = YES;
				GCC_MODEL_TUNING = G5;
				GCC_NO_COMMON_BLOCKS = YES;
				GCC_WARN_64_TO_32_BIT_CONVERSION = YES;
				GCC_WARN_ABOUT_RETURN_TYPE = YES;
				GCC_WARN_CHECK_SWITCH_STATEMENTS = YES;
				GCC_WARN_MISSING_PARENTHESES = YES;
				GCC_WARN_NON_VIRTUAL_DESTRUCTOR = YES;
				GCC_WARN_TYPECHECK_CALLS_TO_PRINTF = YES;
				GCC_WARN_UNDECLARED_SELECTOR = YES;
				GCC_WARN_UNINITIALIZED_AUTOS = YES;
				GCC_WARN_UNUSED_FUNCTION = YES;
				GCC_WARN_UNUSED_VARIABLE = YES;
				PRODUCT_NAME = checkpoint;
				WARNING_CFLAGS = "-Wreorder";
				ZERO_LINK = NO;
			};
			name = Release;
		};
/* End XCBuildConfiguration section */

/* Begin XCConfigurationList section */
		6175F07CCA52012AD2BE1491 /* Build configuration list for PBXNativeTarget "checkpoint - App" */ = {
			isa = XCConfigurationList;
			buildConfigurations = (
				293D12D7B8045A28D2568418 /* Debug */,
				66F9425C64F44C3524AA71F8 /* Release */,
			);
			defaultConfigurationIsVisible = 0;
			defaultConfigurationName = Debug;
		};
		85333FF1C87216CC48FFF61B /* Build configuration list for PBXProject "checkpoint" */ = {
			isa = XCConfigurationList;
			buildConfigurations = (
				2C4C5861D031EB48E8A368FB /* Debug */,
				9A64FAC39D4CE1CED8CB1C78 /* Release */,
			);
			defaultConfigurationIsVisible = 0;
			defaultConfigurationName = Debug;
		};
/* End XCConfigurationList section */
	};
	rootObject = 06F859633661CF8FAAE60B39 /* Project object */;
}
