// !$*UTF8*$!
{
	archiveVersion = 1;
	classes = {
	};
	objectVersion = 46;
	objects = {

		E6753F52B9D3DA5FFA440F3F = {isa = PBXBuildFile; fileRef = E37BED31A028F4CE8C7F7CA2; };
		B0CAFB93013A3286B67C2195 = {isa = PBXBuildFile; fileRef = 419CF89533C5CCD3CC7D13EF; };
		855668FF4DFBA013E23D38A1 = {isa = PBXBuildFile; fileRef = 2A1751C0D5E9888BDC14BF04; };
		A822E07CBC07EB9E231F3E4E = {isa = PBXBuildFile; fileRef = 0A081D1CECEF2A297E57F5AC; };
		75AA03E94B5F189B5EE23733 = {isa = PBXBuildFile; fileRef = 40701CAC409E5B3F1AB65F9D; };
		260CE201F96FBBE0C246C908 = {isa = PBXBuildFile; fileRef = 55C9FDA076CA01F0FC67826B; };
		DDB1BB9F46432028554C66F8 = {isa = PBXBuildFile; fileRef = 8B15632D5BEF12E19BAD9B13; };
		39BC649DEB920AD05E9C471D = {isa = PBXBuildFile; fileRef = E53460225ECC276753450DA6; };
		C58CA377DA138A0F01F16361 = {isa = PBXBuildFile; fileRef = D282612D6F43110889053423; };
		20DC871F3CA7C8F73AA12907 = {isa = PBXBuildFile; fileRef = F494DB521D61D3AF3932C239; };
		B104CAFE699EAE65AA92BFDE = {isa = PBXBuildFile; fileRef = 9904F68541FAC88FBF3F98B2; };
		55DEE47B58594A787FA997F2 = {isa = PBXBuildFile; fileRef = 7E89E94520CCBA05AAD530BE; };
		5A4DC8AD886520C6DC28654F = {isa = PBXBuildFile; fileRef = 9D2B1E87E404CABFC48CA8BE; };
		B128DBA72530C3A4511A0727 = {isa = PBXBuildFile; fileRef = 425A0DC551475B8AFB6EA929; };
		9ADDE04D386D853862CBA77B = {isa = PBXBuildFile; fileRef = B960CFB1FD8186A22C6BAA17; };
		EB57AA7A3643765B0F6C95D3 = {isa = PBXBuildFile; fileRef = D581387B300938EC8F6658EE; };
		91A7A92940D204DA779F9AAF = {isa = PBXBuildFile; fileRef = 40E852D71548ECEF6A05FC11; };
		958FBE3E17D032BC692E4B3F = {isa = PBXBuildFile; fileRef = 7B77FCF198F4013A96CADF2B; };
		A6524F6DE92F5AE38A19423E = {isa = PBXBuildFile; fileRef = 8AAC5B54384C17E40082E72A; };
		CC838A4B4B5FC2C0443572D9 = {isa = PBXBuildFile; fileRef = AB1288D75B6A737DAFDCDD51; };
		631C30B22221C3402DDDF9FA = {isa = PBXBuildFile; fileRef = 9B5C36463B0A648E9F9AF0CB; };
		B2A229060581F11D8302BD33 = {isa = PBXBuildFile; fileRef = 55AD4AD7ABD91D5B8F938F52; };
		068A0535AE5C859A79617DD6 = {isa = PBXBuildFile; fileRef = 401B8F5C93AE4E796561FDED; };
		FA01AA11236CAAB8C3B3BCB5 = {isa = PBXBuildFile; fileRef = 6445A8AACE843C3BA307020A; };
		98147F881E02F7D4BEB32276 = {isa = PBXBuildFile; fileRef = 649B686BAB0BB93BF4DD8110; };
		CB735A1AA637F1232C4EF153 = {isa = PBXBuildFile; fileRef = 7C5CEF8FF746D27FBFF7A164; };
		0A081D1CECEF2A297E57F5AC = {isa = PBXFileReference; lastKnownFileType = wrapper.framework; name = Carbon.framework; path = System/Library/Frameworks/Carbon.framework; sourceTree = SDKROOT; };
		143CAC95D14D08D765788E46 = {isa = PBXFileReference; lastKnownFileType = file; name = "juce_audio_basics"; path = "/Users/liuhanyu1030/Documents/JUCE/modules/juce_audio_basics"; sourceTree = "<absolute>"; };
		278640405D0A997A3EB1AEFB = {isa = PBXFileReference; lastKnownFileType = file; name = "juce_audio_processors"; path = "/Users/liuhanyu1030/Documents/JUCE/modules/juce_audio_processors"; sourceTree = "<absolute>"; };
		2A1751C0D5E9888BDC14BF04 = {isa = PBXFileReference; lastKnownFileType = wrapper.framework; name = AudioToolbox.framework; path = System/Library/Frameworks/AudioToolbox.framework; sourceTree = SDKROOT; };
		34511A90F6B7DA616D24E488 = {isa = PBXFileReference; lastKnownFileType = file; name = "juce_audio_devices"; path = "/Users/liuhanyu1030/Documents/JUCE/modules/juce_audio_devices"; sourceTree = "<absolute>"; };
		401B8F5C93AE4E796561FDED = {isa = PBXFileReference; lastKnownFileType = sourcecode.cpp.objcpp; name = "include_juce_events.mm"; path = "../../JuceLibraryCode/include_juce_events.mm"; sourceTree = "SOURCE_ROOT"; };
		40701CAC409E5B3F1AB65F9D = {isa = PBXFileReference; lastKnownFileType = wrapper.framework; name = Cocoa.framework; path = System/Library/Frameworks/Cocoa.framework; sourceTree = SDKROOT; };
		40E852D71548ECEF6A05FC11 = {isa = PBXFileReference; lastKnownFileType = sourcecode.cpp.objcpp; name = "include_juce_audio_basics.mm"; path = "../../JuceLibraryCode/include_juce_audio_basics.mm"; sourceTree = "SOURCE_ROOT"; };
		419CF89533C5CCD3CC7D13EF = {isa = PBXFileReference; lastKnownFileType = wrapper.framework; name = Accelerate.framework; path = System/Library/Frameworks/Accelerate.framework; sourceTree = SDKROOT; };
		425A0DC551475B8AFB6EA929 = {isa = PBXFileReference; lastKnownFileType = sourcecode.cpp.cpp; name = ListItems.cpp; path = ../../Source/ListItems.cpp; sourceTree = "SOURCE_ROOT"; };
		459A22AE33962133C8058089 = {isa = PBXFileReference; lastKnownFileType = sourcecode.c.h; name = JuceHeader.h; path = ../../JuceLibraryCode/JuceHeader.h; sourceTree = "SOURCE_ROOT"; };
		487086462E432949F4530D05 = {isa = PBXFileReference; lastKnownFileType = text.plist.xml; name = "Info-App.plist"; path = "Info-App.plist"; sourceTree = "SOURCE_ROOT"; };
		4DC245F58B91A5E403AD2531 = {isa = PBXFileReference; lastKnownFileType = sourcecode.c.h; name = AppConfig.h; path = ../../JuceLibraryCode/AppConfig.h; sourceTree = "SOURCE_ROOT"; };
		52427066413C386E37211D47 = {isa = PBXFileReference; lastKnownFileType = file; name = "juce_data_structures"; path = "/Users/liuhanyu1030/Documents/JUCE/modules/juce_data_structures"; sourceTree = "<absolute>"; };
		55AD4AD7ABD91D5B8F938F52 = {isa = PBXFileReference; lastKnownFileType = sourcecode.cpp.objcpp; name = "include_juce_data_structures.mm"; path = "../../JuceLibraryCode/include_juce_data_structures.mm"; sourceTree = "SOURCE_ROOT"; };
		55C9FDA076CA01F0FC67826B = {isa = PBXFileReference; lastKnownFileType = wrapper.framework; name = CoreAudio.framework; path = System/Library/Frameworks/CoreAudio.framework; sourceTree = SDKROOT; };
		5D4E158F0B80C99B92343EE4 = {isa = PBXFileReference; lastKnownFileType = file; name = "juce_core"; path = "/Users/liuhanyu1030/Documents/JUCE/modules/juce_core"; sourceTree = "<absolute>"; };
		6445A8AACE843C3BA307020A = {isa = PBXFileReference; lastKnownFileType = sourcecode.cpp.objcpp; name = "include_juce_graphics.mm"; path = "../../JuceLibraryCode/include_juce_graphics.mm"; sourceTree = "SOURCE_ROOT"; };
		649B686BAB0BB93BF4DD8110 = {isa = PBXFileReference; lastKnownFileType = sourcecode.cpp.objcpp; name = "include_juce_gui_basics.mm"; path = "../../JuceLibraryCode/include_juce_gui_basics.mm"; sourceTree = "SOURCE_ROOT"; };
		66BFC5FA013345D025B48CBA = {isa = PBXFileReference; lastKnownFileType = file; name = "juce_graphics"; path = "/Users/liuhanyu1030/Documents/JUCE/modules/juce_graphics"; sourceTree = "<absolute>"; };
		6A438148FC2A7611CD0A14A5 = {isa = PBXFileReference; lastKnownFileType = sourcecode.c.h; name = ListItems.h; path = ../../Source/ListItems.h; sourceTree = "SOURCE_ROOT"; };
		6FA2CFB5BC3B9470239C8FC4 = {isa = PBXFileReference; lastKnownFileType = file; name = "juce_gui_basics"; path = "/Users/liuhanyu1030/Documents/JUCE/modules/juce_gui_basics"; sourceTree = "<absolute>"; };
		72E0F272C773964E4EED0A22 = {isa = PBXFileReference; lastKnownFileType = file; name = "juce_gui_extra"; path = "/Users/liuhanyu1030/Documents/JUCE/modules/juce_gui_extra"; sourceTree = "<absolute>"; };
		7B77FCF198F4013A96CADF2B = {isa = PBXFileReference; lastKnownFileType = sourcecode.cpp.objcpp; name = "include_juce_audio_devices.mm"; path = "../../JuceLibraryCode/include_juce_audio_devices.mm"; sourceTree = "SOURCE_ROOT"; };
		7C5CEF8FF746D27FBFF7A164 = {isa = PBXFileReference; lastKnownFileType = sourcecode.cpp.objcpp; name = "include_juce_gui_extra.mm"; path = "../../JuceLibraryCode/include_juce_gui_extra.mm"; sourceTree = "SOURCE_ROOT"; };
		7E89E94520CCBA05AAD530BE = {isa = PBXFileReference; lastKnownFileType = sourcecode.cpp.cpp; name = HardwareControl.cpp; path = ../../Source/HardwareControl.cpp; sourceTree = "SOURCE_ROOT"; };
		87870D4DC16A66B3ECFC31FD = {isa = PBXFileReference; lastKnownFileType = sourcecode.c.h; name = HardwareControl.h; path = ../../Source/HardwareControl.h; sourceTree = "SOURCE_ROOT"; };
		8AAC5B54384C17E40082E72A = {isa = PBXFileReference; lastKnownFileType = sourcecode.cpp.objcpp; name = "include_juce_audio_formats.mm"; path = "../../JuceLibraryCode/include_juce_audio_formats.mm"; sourceTree = "SOURCE_ROOT"; };
		8B15632D5BEF12E19BAD9B13 = {isa = PBXFileReference; lastKnownFileType = wrapper.framework; name = CoreMIDI.framework; path = System/Library/Frameworks/CoreMIDI.framework; sourceTree = SDKROOT; };
		8D3BD0C79EF7BFDAFFA04FB5 = {isa = PBXFileReference; lastKnownFileType = sourcecode.c.h; name = MainComponent.h; path = ../../Source/MainComponent.h; sourceTree = "SOURCE_ROOT"; };
		9904F68541FAC88FBF3F98B2 = {isa = PBXFileReference; lastKnownFileType = file.nib; name = RecentFilesMenuTemplate.nib; path = RecentFilesMenuTemplate.nib; sourceTree = "SOURCE_ROOT"; };
		9B5C36463B0A648E9F9AF0CB = {isa = PBXFileReference; lastKnownFileType = sourcecode.cpp.objcpp; name = "include_juce_core.mm"; path = "../../JuceLibraryCode/include_juce_core.mm"; sourceTree = "SOURCE_ROOT"; };
		9D2B1E87E404CABFC48CA8BE = {isa = PBXFileReference; lastKnownFileType = sourcecode.cpp.cpp; name = ControllerList.cpp; path = ../../Source/ControllerList.cpp; sourceTree = "SOURCE_ROOT"; };
		AB1288D75B6A737DAFDCDD51 = {isa = PBXFileReference; lastKnownFileType = sourcecode.cpp.objcpp; name = "include_juce_audio_processors.mm"; path = "../../JuceLibraryCode/include_juce_audio_processors.mm"; sourceTree = "SOURCE_ROOT"; };
		B960CFB1FD8186A22C6BAA17 = {isa = PBXFileReference; lastKnownFileType = sourcecode.cpp.cpp; name = MainComponent.cpp; path = ../../Source/MainComponent.cpp; sourceTree = "SOURCE_ROOT"; };
		C3D60F698FB2562F1AEE13BB = {isa = PBXFileReference; lastKnownFileType = sourcecode.c.h; name = ControllerList.h; path = ../../Source/ControllerList.h; sourceTree = "SOURCE_ROOT"; };
		D282612D6F43110889053423 = {isa = PBXFileReference; lastKnownFileType = wrapper.framework; name = QuartzCore.framework; path = System/Library/Frameworks/QuartzCore.framework; sourceTree = SDKROOT; };
		D581387B300938EC8F6658EE = {isa = PBXFileReference; lastKnownFileType = sourcecode.cpp.cpp; name = Main.cpp; path = ../../Source/Main.cpp; sourceTree = "SOURCE_ROOT"; };
		E37BED31A028F4CE8C7F7CA2 = {isa = PBXFileReference; explicitFileType = wrapper.application; includeInIndex = 0; path = CheckpointNew.app; sourceTree = "BUILT_PRODUCTS_DIR"; };
		E53460225ECC276753450DA6 = {isa = PBXFileReference; lastKnownFileType = wrapper.framework; name = IOKit.framework; path = System/Library/Frameworks/IOKit.framework; sourceTree = SDKROOT; };
		EB966BC23D8E8B908D2F978B = {isa = PBXFileReference; lastKnownFileType = file; name = "juce_events"; path = "/Users/liuhanyu1030/Documents/JUCE/modules/juce_events"; sourceTree = "<absolute>"; };
		F494DB521D61D3AF3932C239 = {isa = PBXFileReference; lastKnownFileType = wrapper.framework; name = WebKit.framework; path = System/Library/Frameworks/WebKit.framework; sourceTree = SDKROOT; };
		F72207F22D544C0DAE616422 = {isa = PBXFileReference; lastKnownFileType = file; name = "juce_audio_formats"; path = "/Users/liuhanyu1030/Documents/JUCE/modules/juce_audio_formats"; sourceTree = "<absolute>"; };
		3B862944980732DAA1583536 = {isa = PBXGroup; children = (
					7E89E94520CCBA05AAD530BE,
					87870D4DC16A66B3ECFC31FD, ); name = Control; sourceTree = "<group>"; };
		C5D50A867684831858E26480 = {isa = PBXGroup; children = (
					9D2B1E87E404CABFC48CA8BE,
					C3D60F698FB2562F1AEE13BB,
					425A0DC551475B8AFB6EA929,
					6A438148FC2A7611CD0A14A5, ); name = GUI; sourceTree = "<group>"; };
		3D1766B8753D6067B75DE77D = {isa = PBXGroup; children = (
					3B862944980732DAA1583536,
					C5D50A867684831858E26480,
					8D3BD0C79EF7BFDAFFA04FB5,
					B960CFB1FD8186A22C6BAA17,
					D581387B300938EC8F6658EE, ); name = Source; sourceTree = "<group>"; };
		86B82722342EBD07888B49CB = {isa = PBXGroup; children = (
					3D1766B8753D6067B75DE77D, ); name = CheckpointNew; sourceTree = "<group>"; };
		89C00C1FF4E11D4886B4A6F7 = {isa = PBXGroup; children = (
					143CAC95D14D08D765788E46,
					34511A90F6B7DA616D24E488,
					F72207F22D544C0DAE616422,
					278640405D0A997A3EB1AEFB,
					5D4E158F0B80C99B92343EE4,
					52427066413C386E37211D47,
					EB966BC23D8E8B908D2F978B,
					66BFC5FA013345D025B48CBA,
					6FA2CFB5BC3B9470239C8FC4,
					72E0F272C773964E4EED0A22, ); name = "JUCE Modules"; sourceTree = "<group>"; };
		C125651F9480F1E82BB0AD5D = {isa = PBXGroup; children = (
					4DC245F58B91A5E403AD2531,
					40E852D71548ECEF6A05FC11,
					7B77FCF198F4013A96CADF2B,
					8AAC5B54384C17E40082E72A,
					AB1288D75B6A737DAFDCDD51,
					9B5C36463B0A648E9F9AF0CB,
					55AD4AD7ABD91D5B8F938F52,
					401B8F5C93AE4E796561FDED,
					6445A8AACE843C3BA307020A,
					649B686BAB0BB93BF4DD8110,
					7C5CEF8FF746D27FBFF7A164,
					459A22AE33962133C8058089, ); name = "JUCE Library Code"; sourceTree = "<group>"; };
		889659AC12760AC982EE84C9 = {isa = PBXGroup; children = (
					487086462E432949F4530D05,
					9904F68541FAC88FBF3F98B2, ); name = Resources; sourceTree = "<group>"; };
		408B6D6846AA79A40AAAF56E = {isa = PBXGroup; children = (
					419CF89533C5CCD3CC7D13EF,
					2A1751C0D5E9888BDC14BF04,
					0A081D1CECEF2A297E57F5AC,
					40701CAC409E5B3F1AB65F9D,
					55C9FDA076CA01F0FC67826B,
					8B15632D5BEF12E19BAD9B13,
					E53460225ECC276753450DA6,
					D282612D6F43110889053423,
					F494DB521D61D3AF3932C239, ); name = Frameworks; sourceTree = "<group>"; };
		11198072E3BABFECE187F364 = {isa = PBXGroup; children = (
					E37BED31A028F4CE8C7F7CA2, ); name = Products; sourceTree = "<group>"; };
		10337E32CE1297F49DBEDFB1 = {isa = PBXGroup; children = (
					86B82722342EBD07888B49CB,
					89C00C1FF4E11D4886B4A6F7,
					C125651F9480F1E82BB0AD5D,
					889659AC12760AC982EE84C9,
					408B6D6846AA79A40AAAF56E,
					11198072E3BABFECE187F364, ); name = Source; sourceTree = "<group>"; };
		10651D3B6918A406936AB406 = {isa = XCBuildConfiguration; buildSettings = {
				CLANG_CXX_LANGUAGE_STANDARD = "c++14";
				CLANG_LINK_OBJC_RUNTIME = NO;
				COMBINE_HIDPI_IMAGES = YES;
				CONFIGURATION_BUILD_DIR = "$(PROJECT_DIR)/build/$(CONFIGURATION)";
				COPY_PHASE_STRIP = NO;
				GCC_DYNAMIC_NO_PIC = NO;
				GCC_OPTIMIZATION_LEVEL = 0;
				GCC_PREPROCESSOR_DEFINITIONS = (
					"_DEBUG=1",
					"DEBUG=1",
					"JUCER_XCODE_MAC_F6D2F4CF=1",
					"JUCE_APP_VERSION=1.0.0",
					"JUCE_APP_VERSION_HEX=0x10000",
					"JucePlugin_Build_VST=0",
					"JucePlugin_Build_VST3=0",
					"JucePlugin_Build_AU=0",
					"JucePlugin_Build_AUv3=0",
					"JucePlugin_Build_RTAS=0",
					"JucePlugin_Build_AAX=0",
					"JucePlugin_Build_Standalone=0", );
				GCC_VERSION = com.apple.compilers.llvm.clang.1_0;
				HEADER_SEARCH_PATHS = ("../../JuceLibraryCode", "/Users/liuhanyu1030/Documents/JUCE/modules", "$(inherited)");
				INFOPLIST_FILE = Info-App.plist;
				INFOPLIST_PREPROCESS = NO;
				INSTALL_PATH = "$(HOME)/Applications";
				MACOSX_DEPLOYMENT_TARGET = 10.11;
				MACOSX_DEPLOYMENT_TARGET_ppc = 10.4;
				PRODUCT_BUNDLE_IDENTIFIER = com.yourcompany.CheckpointNew;
				SDKROOT_ppc = macosx10.5;
				USE_HEADERMAP = NO; }; name = Debug; };
		84CDCFE0789FC45132ECB377 = {isa = XCBuildConfiguration; buildSettings = {
				CLANG_CXX_LANGUAGE_STANDARD = "c++14";
				CLANG_LINK_OBJC_RUNTIME = NO;
				COMBINE_HIDPI_IMAGES = YES;
				CONFIGURATION_BUILD_DIR = "$(PROJECT_DIR)/build/$(CONFIGURATION)";
				DEAD_CODE_STRIPPING = YES;
				GCC_GENERATE_DEBUGGING_SYMBOLS = NO;
				GCC_OPTIMIZATION_LEVEL = 3;
				GCC_PREPROCESSOR_DEFINITIONS = (
					"_NDEBUG=1",
					"NDEBUG=1",
					"JUCER_XCODE_MAC_F6D2F4CF=1",
					"JUCE_APP_VERSION=1.0.0",
					"JUCE_APP_VERSION_HEX=0x10000",
					"JucePlugin_Build_VST=0",
					"JucePlugin_Build_VST3=0",
					"JucePlugin_Build_AU=0",
					"JucePlugin_Build_AUv3=0",
					"JucePlugin_Build_RTAS=0",
					"JucePlugin_Build_AAX=0",
					"JucePlugin_Build_Standalone=0", );
				GCC_SYMBOLS_PRIVATE_EXTERN = YES;
				GCC_VERSION = com.apple.compilers.llvm.clang.1_0;
				HEADER_SEARCH_PATHS = ("../../JuceLibraryCode", "/Users/liuhanyu1030/Documents/JUCE/modules", "$(inherited)");
				INFOPLIST_FILE = Info-App.plist;
				INFOPLIST_PREPROCESS = NO;
				INSTALL_PATH = "$(HOME)/Applications";
				LLVM_LTO = YES;
				MACOSX_DEPLOYMENT_TARGET = 10.11;
				MACOSX_DEPLOYMENT_TARGET_ppc = 10.4;
				PRODUCT_BUNDLE_IDENTIFIER = com.yourcompany.CheckpointNew;
				SDKROOT_ppc = macosx10.5;
				USE_HEADERMAP = NO; }; name = Release; };
		04261B023A7B37FF2E96309B = {isa = XCBuildConfiguration; buildSettings = {
				ALWAYS_SEARCH_USER_PATHS = NO;
				CLANG_WARN_BLOCK_CAPTURE_AUTORELEASING = YES;
				CLANG_WARN_BOOL_CONVERSION = YES;
				CLANG_WARN_COMMA = YES;
				CLANG_WARN_CONSTANT_CONVERSION = YES;
				CLANG_WARN_EMPTY_BODY = YES;
				CLANG_WARN_ENUM_CONVERSION = YES;
				CLANG_WARN_INFINITE_RECURSION = YES;
				CLANG_WARN_INT_CONVERSION = YES;
				CLANG_WARN_NON_LITERAL_NULL_CONVERSION = YES;
				CLANG_WARN_OBJC_LITERAL_CONVERSION = YES;
				CLANG_WARN_RANGE_LOOP_ANALYSIS = YES;
				CLANG_WARN_STRICT_PROTOTYPES = YES;
				CLANG_WARN_SUSPICIOUS_MOVE = YES;
				CLANG_WARN_UNREACHABLE_CODE = YES;
				CLANG_WARN__DUPLICATE_METHOD_MATCH = YES;
				DEBUG_INFORMATION_FORMAT = "dwarf";
				ENABLE_STRICT_OBJC_MSGSEND = YES;
				ENABLE_TESTABILITY = YES;
				GCC_C_LANGUAGE_STANDARD = c11;
				GCC_INLINES_ARE_PRIVATE_EXTERN = YES;
				GCC_MODEL_TUNING = G5;
				GCC_NO_COMMON_BLOCKS = YES;
				GCC_WARN_64_TO_32_BIT_CONVERSION = YES;
				GCC_WARN_ABOUT_RETURN_TYPE = YES;
				GCC_WARN_CHECK_SWITCH_STATEMENTS = YES;
				GCC_WARN_MISSING_PARENTHESES = YES;
				GCC_WARN_NON_VIRTUAL_DESTRUCTOR = YES;
				GCC_WARN_TYPECHECK_CALLS_TO_PRINTF = YES;
				GCC_WARN_UNDECLARED_SELECTOR = YES;
				GCC_WARN_UNINITIALIZED_AUTOS = YES;
				GCC_WARN_UNUSED_FUNCTION = YES;
				GCC_WARN_UNUSED_VARIABLE = YES;
				ONLY_ACTIVE_ARCH = YES;
				PRODUCT_NAME = "CheckpointNew";
				WARNING_CFLAGS = -Wreorder;
				ZERO_LINK = NO; }; name = Debug; };
		52A9F87404FE8E675AAD0462 = {isa = XCBuildConfiguration; buildSettings = {
				ALWAYS_SEARCH_USER_PATHS = NO;
				CLANG_WARN_BLOCK_CAPTURE_AUTORELEASING = YES;
				CLANG_WARN_BOOL_CONVERSION = YES;
				CLANG_WARN_COMMA = YES;
				CLANG_WARN_CONSTANT_CONVERSION = YES;
				CLANG_WARN_EMPTY_BODY = YES;
				CLANG_WARN_ENUM_CONVERSION = YES;
				CLANG_WARN_INFINITE_RECURSION = YES;
				CLANG_WARN_INT_CONVERSION = YES;
				CLANG_WARN_NON_LITERAL_NULL_CONVERSION = YES;
				CLANG_WARN_OBJC_LITERAL_CONVERSION = YES;
				CLANG_WARN_RANGE_LOOP_ANALYSIS = YES;
				CLANG_WARN_STRICT_PROTOTYPES = YES;
				CLANG_WARN_SUSPICIOUS_MOVE = YES;
				CLANG_WARN_UNREACHABLE_CODE = YES;
				CLANG_WARN__DUPLICATE_METHOD_MATCH = YES;
				DEBUG_INFORMATION_FORMAT = "dwarf";
				ENABLE_STRICT_OBJC_MSGSEND = YES;
				GCC_C_LANGUAGE_STANDARD = c11;
				GCC_INLINES_ARE_PRIVATE_EXTERN = YES;
				GCC_MODEL_TUNING = G5;
				GCC_NO_COMMON_BLOCKS = YES;
				GCC_WARN_64_TO_32_BIT_CONVERSION = YES;
				GCC_WARN_ABOUT_RETURN_TYPE = YES;
				GCC_WARN_CHECK_SWITCH_STATEMENTS = YES;
				GCC_WARN_MISSING_PARENTHESES = YES;
				GCC_WARN_NON_VIRTUAL_DESTRUCTOR = YES;
				GCC_WARN_TYPECHECK_CALLS_TO_PRINTF = YES;
				GCC_WARN_UNDECLARED_SELECTOR = YES;
				GCC_WARN_UNINITIALIZED_AUTOS = YES;
				GCC_WARN_UNUSED_FUNCTION = YES;
				GCC_WARN_UNUSED_VARIABLE = YES;
				PRODUCT_NAME = "CheckpointNew";
				WARNING_CFLAGS = -Wreorder;
				ZERO_LINK = NO; }; name = Release; };
		223485026F8BE7B068A0F711 = {isa = PBXTargetDependency; target = 567341D891FCEE0B89E513D0; };
		4E594F70AFB3AEFDEA60E2A4 = {isa = XCConfigurationList; buildConfigurations = (
					04261B023A7B37FF2E96309B,
					52A9F87404FE8E675AAD0462, ); defaultConfigurationIsVisible = 0; defaultConfigurationName = Debug; };
		F955545FECA85BB362197B3C = {isa = XCConfigurationList; buildConfigurations = (
					10651D3B6918A406936AB406,
					84CDCFE0789FC45132ECB377, ); defaultConfigurationIsVisible = 0; defaultConfigurationName = Debug; };
		C0979DE45EFC4548DB1FDD7C = {isa = PBXResourcesBuildPhase; buildActionMask = 2147483647; files = (
					B104CAFE699EAE65AA92BFDE, ); runOnlyForDeploymentPostprocessing = 0; };
		4AE81AB2B40F027A56C6068B = {isa = PBXSourcesBuildPhase; buildActionMask = 2147483647; files = (
					55DEE47B58594A787FA997F2,
					5A4DC8AD886520C6DC28654F,
					B128DBA72530C3A4511A0727,
					9ADDE04D386D853862CBA77B,
					EB57AA7A3643765B0F6C95D3,
					91A7A92940D204DA779F9AAF,
					958FBE3E17D032BC692E4B3F,
					A6524F6DE92F5AE38A19423E,
					CC838A4B4B5FC2C0443572D9,
					631C30B22221C3402DDDF9FA,
					B2A229060581F11D8302BD33,
					068A0535AE5C859A79617DD6,
					FA01AA11236CAAB8C3B3BCB5,
					98147F881E02F7D4BEB32276,
					CB735A1AA637F1232C4EF153, ); runOnlyForDeploymentPostprocessing = 0; };
		450533496E9562C6F9E00D17 = {isa = PBXFrameworksBuildPhase; buildActionMask = 2147483647; files = (
					B0CAFB93013A3286B67C2195,
					855668FF4DFBA013E23D38A1,
					A822E07CBC07EB9E231F3E4E,
					75AA03E94B5F189B5EE23733,
					260CE201F96FBBE0C246C908,
					DDB1BB9F46432028554C66F8,
					39BC649DEB920AD05E9C471D,
					C58CA377DA138A0F01F16361,
					20DC871F3CA7C8F73AA12907, ); runOnlyForDeploymentPostprocessing = 0; };
		567341D891FCEE0B89E513D0 = {isa = PBXNativeTarget; buildConfigurationList = F955545FECA85BB362197B3C; buildPhases = (
					C0979DE45EFC4548DB1FDD7C,
					4AE81AB2B40F027A56C6068B,
					450533496E9562C6F9E00D17, ); buildRules = ( ); dependencies = (  ); name = "CheckpointNew - App"; productName = CheckpointNew; productReference = E37BED31A028F4CE8C7F7CA2; productType = "com.apple.product-type.application"; };
		65E410555D65492DD1CCF3E8 = {isa = PBXProject; buildConfigurationList = 4E594F70AFB3AEFDEA60E2A4; attributes = { LastUpgradeCheck = 0830; ORGANIZATIONNAME = ""; TargetAttributes = { 567341D891FCEE0B89E513D0 = { SystemCapabilities = {com.apple.ApplicationGroups.iOS = { enabled = 0; }; com.apple.InAppPurchase = { enabled = 0; }; com.apple.InterAppAudio = { enabled = 0; }; com.apple.Push = { enabled = 0; }; com.apple.Sandbox = { enabled = 0; }; }; }; }; }; compatibilityVersion = "Xcode 3.2"; hasScannedForEncodings = 0; mainGroup = 10337E32CE1297F49DBEDFB1; projectDirPath = ""; projectRoot = ""; targets = (567341D891FCEE0B89E513D0); };
	};
	rootObject = 65E410555D65492DD1CCF3E8;
}
